PODS:
  - Pulsator (0.5.3)
  - QuickLayout (2.1.1)
  - SwiftEntryKit (0.8.1):
    - QuickLayout (= 2.1.1)

DEPENDENCIES:
  - Pulsator
  - SwiftEntryKit

SPEC REPOS:
  https://github.com/cocoapods/specs.git:
    - Pulsator
    - QuickLayout
    - SwiftEntryKit

SPEC CHECKSUMS:
  Pulsator: d58707c6827ec862cd89fd727424866795dabd24
  QuickLayout: 9af2b7fd89a6552828f51a5aba28d1bcdb8b340c
  SwiftEntryKit: 132e35ac87d50d19b5f3580f8d8fa07fd1d63417

PODFILE CHECKSUM: ec58dc92bca2064ac65caeef4f9cced372d6c82c

COCOAPODS: 1.7.0.rc.2
